
Microsoft Visual Studio Solution File, Format Version 12.00
# Visual Studio Version 17
VisualStudioVersion = 17.3.32819.101
MinimumVisualStudioVersion = 10.0.40219.1
Project("{9A19103F-16F7-4668-BE54-9A1E7A4F7556}") = "T4CodeGenerator", "T4CodeGenerator\T4CodeGenerator.csproj", "{5B46D9B0-C829-4D4E-806B-C3B0B7EA4687}"
EndProject
Project("{9A19103F-16F7-4668-BE54-9A1E7A4F7556}") = "Base.Shared", "Base.Shared\Base.Shared.csproj", "{6ED6ABCB-6E41-4D00-BDFD-3C26C1E057B6}"
EndProject
Project("{9A19103F-16F7-4668-BE54-9A1E7A4F7556}") = "HttpClientDemo", "HttpClientDemo\HttpClientDemo.csproj", "{D139E7E9-7D30-4CDD-A663-A6C9A9CC2DF6}"
EndProject
Project("{9A19103F-16F7-4668-BE54-9A1E7A4F7556}") = "TestApid", "TestApid\TestApid.csproj", "{5E502202-8601-449F-8795-A763933161C8}"
EndProject
Project("{2150E333-8FDC-42A3-9474-1A3956D46DE8}") = "srcs", "srcs", "{F82034AA-4AD3-4127-BB12-F7F90611A49A}"
EndProject
Project("{2150E333-8FDC-42A3-9474-1A3956D46DE8}") = "tests", "tests", "{EB93631F-ACFB-4420-9D17-2D0A4528415A}"
EndProject
Project("{9A19103F-16F7-4668-BE54-9A1E7A4F7556}") = "searchtest", "searchtest\searchtest.csproj", "{AB9C05CA-0E70-4FFD-9DE4-517ED8DF303C}"
EndProject
Project("{FAE04EC0-301F-11D3-BF4B-00C04F79EFBC}") = "WebApi.BaseShared", "WebApi.BaseShared\WebApi.BaseShared.csproj", "{FCA96D50-D721-452E-A499-F293D45F313A}"
EndProject
Project("{FAE04EC0-301F-11D3-BF4B-00C04F79EFBC}") = "WebApi.EFShared", "WebApi.EFShared\WebApi.EFShared.csproj", "{9F5EDDF4-E018-462E-872D-AD41CD33E091}"
EndProject
Project("{FAE04EC0-301F-11D3-BF4B-00C04F79EFBC}") = "WebApi.FreeSqlShared", "WebApi.FreeSqlShared\WebApi.FreeSqlShared.csproj", "{24B4F1A3-7906-4A4E-A2E1-C265EE3B5D0F}"
EndProject
Global
	GlobalSection(SolutionConfigurationPlatforms) = preSolution
		Debug|Any CPU = Debug|Any CPU
		Release|Any CPU = Release|Any CPU
	EndGlobalSection
	GlobalSection(ProjectConfigurationPlatforms) = postSolution
		{5B46D9B0-C829-4D4E-806B-C3B0B7EA4687}.Debug|Any CPU.ActiveCfg = Debug|Any CPU
		{5B46D9B0-C829-4D4E-806B-C3B0B7EA4687}.Debug|Any CPU.Build.0 = Debug|Any CPU
		{5B46D9B0-C829-4D4E-806B-C3B0B7EA4687}.Release|Any CPU.ActiveCfg = Release|Any CPU
		{5B46D9B0-C829-4D4E-806B-C3B0B7EA4687}.Release|Any CPU.Build.0 = Release|Any CPU
		{6ED6ABCB-6E41-4D00-BDFD-3C26C1E057B6}.Debug|Any CPU.ActiveCfg = Debug|Any CPU
		{6ED6ABCB-6E41-4D00-BDFD-3C26C1E057B6}.Debug|Any CPU.Build.0 = Debug|Any CPU
		{6ED6ABCB-6E41-4D00-BDFD-3C26C1E057B6}.Release|Any CPU.ActiveCfg = Release|Any CPU
		{6ED6ABCB-6E41-4D00-BDFD-3C26C1E057B6}.Release|Any CPU.Build.0 = Release|Any CPU
		{D139E7E9-7D30-4CDD-A663-A6C9A9CC2DF6}.Debug|Any CPU.ActiveCfg = Debug|Any CPU
		{D139E7E9-7D30-4CDD-A663-A6C9A9CC2DF6}.Debug|Any CPU.Build.0 = Debug|Any CPU
		{D139E7E9-7D30-4CDD-A663-A6C9A9CC2DF6}.Release|Any CPU.ActiveCfg = Release|Any CPU
		{D139E7E9-7D30-4CDD-A663-A6C9A9CC2DF6}.Release|Any CPU.Build.0 = Release|Any CPU
		{5E502202-8601-449F-8795-A763933161C8}.Debug|Any CPU.ActiveCfg = Debug|Any CPU
		{5E502202-8601-449F-8795-A763933161C8}.Debug|Any CPU.Build.0 = Debug|Any CPU
		{5E502202-8601-449F-8795-A763933161C8}.Release|Any CPU.ActiveCfg = Release|Any CPU
		{5E502202-8601-449F-8795-A763933161C8}.Release|Any CPU.Build.0 = Release|Any CPU
		{AB9C05CA-0E70-4FFD-9DE4-517ED8DF303C}.Debug|Any CPU.ActiveCfg = Debug|Any CPU
		{AB9C05CA-0E70-4FFD-9DE4-517ED8DF303C}.Debug|Any CPU.Build.0 = Debug|Any CPU
		{AB9C05CA-0E70-4FFD-9DE4-517ED8DF303C}.Release|Any CPU.ActiveCfg = Release|Any CPU
		{AB9C05CA-0E70-4FFD-9DE4-517ED8DF303C}.Release|Any CPU.Build.0 = Release|Any CPU
		{FCA96D50-D721-452E-A499-F293D45F313A}.Debug|Any CPU.ActiveCfg = Debug|Any CPU
		{FCA96D50-D721-452E-A499-F293D45F313A}.Debug|Any CPU.Build.0 = Debug|Any CPU
		{FCA96D50-D721-452E-A499-F293D45F313A}.Release|Any CPU.ActiveCfg = Release|Any CPU
		{FCA96D50-D721-452E-A499-F293D45F313A}.Release|Any CPU.Build.0 = Release|Any CPU
		{9F5EDDF4-E018-462E-872D-AD41CD33E091}.Debug|Any CPU.ActiveCfg = Debug|Any CPU
		{9F5EDDF4-E018-462E-872D-AD41CD33E091}.Debug|Any CPU.Build.0 = Debug|Any CPU
		{9F5EDDF4-E018-462E-872D-AD41CD33E091}.Release|Any CPU.ActiveCfg = Release|Any CPU
		{9F5EDDF4-E018-462E-872D-AD41CD33E091}.Release|Any CPU.Build.0 = Release|Any CPU
		{24B4F1A3-7906-4A4E-A2E1-C265EE3B5D0F}.Debug|Any CPU.ActiveCfg = Debug|Any CPU
		{24B4F1A3-7906-4A4E-A2E1-C265EE3B5D0F}.Debug|Any CPU.Build.0 = Debug|Any CPU
		{24B4F1A3-7906-4A4E-A2E1-C265EE3B5D0F}.Release|Any CPU.ActiveCfg = Release|Any CPU
		{24B4F1A3-7906-4A4E-A2E1-C265EE3B5D0F}.Release|Any CPU.Build.0 = Release|Any CPU
	EndGlobalSection
	GlobalSection(SolutionProperties) = preSolution
		HideSolutionNode = FALSE
	EndGlobalSection
	GlobalSection(NestedProjects) = preSolution
		{5B46D9B0-C829-4D4E-806B-C3B0B7EA4687} = {F82034AA-4AD3-4127-BB12-F7F90611A49A}
		{6ED6ABCB-6E41-4D00-BDFD-3C26C1E057B6} = {F82034AA-4AD3-4127-BB12-F7F90611A49A}
		{D139E7E9-7D30-4CDD-A663-A6C9A9CC2DF6} = {EB93631F-ACFB-4420-9D17-2D0A4528415A}
		{5E502202-8601-449F-8795-A763933161C8} = {EB93631F-ACFB-4420-9D17-2D0A4528415A}
		{AB9C05CA-0E70-4FFD-9DE4-517ED8DF303C} = {EB93631F-ACFB-4420-9D17-2D0A4528415A}
		{FCA96D50-D721-452E-A499-F293D45F313A} = {F82034AA-4AD3-4127-BB12-F7F90611A49A}
		{9F5EDDF4-E018-462E-872D-AD41CD33E091} = {F82034AA-4AD3-4127-BB12-F7F90611A49A}
		{24B4F1A3-7906-4A4E-A2E1-C265EE3B5D0F} = {F82034AA-4AD3-4127-BB12-F7F90611A49A}
	EndGlobalSection
	GlobalSection(ExtensibilityGlobals) = postSolution
		SolutionGuid = {2B23C62A-4867-41F4-989A-349D2EE3D21C}
	EndGlobalSection
EndGlobal
