
Microsoft Visual Studio Solution File, Format Version 12.00
# Visual Studio Version 17
VisualStudioVersion = 17.3.32819.101
MinimumVisualStudioVersion = 10.0.40219.1
Project("{9A19103F-16F7-4668-BE54-9A1E7A4F7556}") = "T4CodeGenerator", "T4CodeGenerator\T4CodeGenerator.csproj", "{5B46D9B0-C829-4D4E-806B-C3B0B7EA4687}"
EndProject
Project("{9A19103F-16F7-4668-BE54-9A1E7A4F7556}") = "Base.Shared", "Base.Shared\Base.Shared.csproj", "{6ED6ABCB-6E41-4D00-BDFD-3C26C1E057B6}"
EndProject
Project("{9A19103F-16F7-4668-BE54-9A1E7A4F7556}") = "TestWebApi", "TestWebApi\TestWebApi.csproj", "{76968595-554D-4838-A249-868E0A01F74B}"
EndProject
Project("{9A19103F-16F7-4668-BE54-9A1E7A4F7556}") = "TestApi", "TestApi\TestApi.csproj", "{924CFEDA-4368-4554-99FC-562D4A9716C0}"
EndProject
Project("{9A19103F-16F7-4668-BE54-9A1E7A4F7556}") = "HttpClientDemo", "HttpClientDemo\HttpClientDemo.csproj", "{D139E7E9-7D30-4CDD-A663-A6C9A9CC2DF6}"
EndProject
Project("{9A19103F-16F7-4668-BE54-9A1E7A4F7556}") = "Testststs", "Testststs\Testststs.csproj", "{22E9EF10-9708-4EF9-A03D-0EE7E0010607}"
EndProject
Project("{2150E333-8FDC-42A3-9474-1A3956D46DE8}") = "MyTests", "MyTests", "{18541B34-6C6E-435B-B4FF-F96A04A69D75}"
EndProject
Project("{FAE04EC0-301F-11D3-BF4B-00C04F79EFBC}") = "TestApid", "TestApid\TestApid.csproj", "{5E502202-8601-449F-8795-A763933161C8}"
EndProject
Global
	GlobalSection(SolutionConfigurationPlatforms) = preSolution
		Debug|Any CPU = Debug|Any CPU
		Release|Any CPU = Release|Any CPU
	EndGlobalSection
	GlobalSection(ProjectConfigurationPlatforms) = postSolution
		{5B46D9B0-C829-4D4E-806B-C3B0B7EA4687}.Debug|Any CPU.ActiveCfg = Debug|Any CPU
		{5B46D9B0-C829-4D4E-806B-C3B0B7EA4687}.Debug|Any CPU.Build.0 = Debug|Any CPU
		{5B46D9B0-C829-4D4E-806B-C3B0B7EA4687}.Release|Any CPU.ActiveCfg = Release|Any CPU
		{5B46D9B0-C829-4D4E-806B-C3B0B7EA4687}.Release|Any CPU.Build.0 = Release|Any CPU
		{6ED6ABCB-6E41-4D00-BDFD-3C26C1E057B6}.Debug|Any CPU.ActiveCfg = Debug|Any CPU
		{6ED6ABCB-6E41-4D00-BDFD-3C26C1E057B6}.Debug|Any CPU.Build.0 = Debug|Any CPU
		{6ED6ABCB-6E41-4D00-BDFD-3C26C1E057B6}.Release|Any CPU.ActiveCfg = Release|Any CPU
		{6ED6ABCB-6E41-4D00-BDFD-3C26C1E057B6}.Release|Any CPU.Build.0 = Release|Any CPU
		{76968595-554D-4838-A249-868E0A01F74B}.Debug|Any CPU.ActiveCfg = Debug|Any CPU
		{76968595-554D-4838-A249-868E0A01F74B}.Debug|Any CPU.Build.0 = Debug|Any CPU
		{76968595-554D-4838-A249-868E0A01F74B}.Release|Any CPU.ActiveCfg = Release|Any CPU
		{76968595-554D-4838-A249-868E0A01F74B}.Release|Any CPU.Build.0 = Release|Any CPU
		{924CFEDA-4368-4554-99FC-562D4A9716C0}.Debug|Any CPU.ActiveCfg = Debug|Any CPU
		{924CFEDA-4368-4554-99FC-562D4A9716C0}.Debug|Any CPU.Build.0 = Debug|Any CPU
		{924CFEDA-4368-4554-99FC-562D4A9716C0}.Release|Any CPU.ActiveCfg = Release|Any CPU
		{924CFEDA-4368-4554-99FC-562D4A9716C0}.Release|Any CPU.Build.0 = Release|Any CPU
		{D139E7E9-7D30-4CDD-A663-A6C9A9CC2DF6}.Debug|Any CPU.ActiveCfg = Debug|Any CPU
		{D139E7E9-7D30-4CDD-A663-A6C9A9CC2DF6}.Debug|Any CPU.Build.0 = Debug|Any CPU
		{D139E7E9-7D30-4CDD-A663-A6C9A9CC2DF6}.Release|Any CPU.ActiveCfg = Release|Any CPU
		{D139E7E9-7D30-4CDD-A663-A6C9A9CC2DF6}.Release|Any CPU.Build.0 = Release|Any CPU
		{22E9EF10-9708-4EF9-A03D-0EE7E0010607}.Debug|Any CPU.ActiveCfg = Debug|Any CPU
		{22E9EF10-9708-4EF9-A03D-0EE7E0010607}.Debug|Any CPU.Build.0 = Debug|Any CPU
		{22E9EF10-9708-4EF9-A03D-0EE7E0010607}.Release|Any CPU.ActiveCfg = Release|Any CPU
		{22E9EF10-9708-4EF9-A03D-0EE7E0010607}.Release|Any CPU.Build.0 = Release|Any CPU
		{5E502202-8601-449F-8795-A763933161C8}.Debug|Any CPU.ActiveCfg = Debug|Any CPU
		{5E502202-8601-449F-8795-A763933161C8}.Debug|Any CPU.Build.0 = Debug|Any CPU
		{5E502202-8601-449F-8795-A763933161C8}.Release|Any CPU.ActiveCfg = Release|Any CPU
		{5E502202-8601-449F-8795-A763933161C8}.Release|Any CPU.Build.0 = Release|Any CPU
	EndGlobalSection
	GlobalSection(SolutionProperties) = preSolution
		HideSolutionNode = FALSE
	EndGlobalSection
	GlobalSection(NestedProjects) = preSolution
		{5E502202-8601-449F-8795-A763933161C8} = {18541B34-6C6E-435B-B4FF-F96A04A69D75}
	EndGlobalSection
	GlobalSection(ExtensibilityGlobals) = postSolution
		SolutionGuid = {2B23C62A-4867-41F4-989A-349D2EE3D21C}
	EndGlobalSection
EndGlobal
